
Microsoft Visual Studio Solution File, Format Version 12.00
# Visual Studio Version 17
VisualStudioVersion = 17.5.002.0
MinimumVisualStudioVersion = 10.0.40219.1
Project("{9A19103F-16F7-4668-BE54-9A1E7A4F7556}") = "RazorPageTutorial", "RazorPageTutorial.csproj", "{CAF104DC-6DEE-4D0B-B671-39E2B73C6FF2}"
EndProject
Global
	GlobalSection(SolutionConfigurationPlatforms) = preSolution
		Debug|Any CPU = Debug|Any CPU
		Release|Any CPU = Release|Any CPU
	EndGlobalSection
	GlobalSection(ProjectConfigurationPlatforms) = postSolution
		{CAF104DC-6DEE-4D0B-B671-39E2B73C6FF2}.Debug|Any CPU.ActiveCfg = Debug|Any CPU
		{CAF104DC-6DEE-4D0B-B671-39E2B73C6FF2}.Debug|Any CPU.Build.0 = Debug|Any CPU
		{CAF104DC-6DEE-4D0B-B671-39E2B73C6FF2}.Release|Any CPU.ActiveCfg = Release|Any CPU
		{CAF104DC-6DEE-4D0B-B671-39E2B73C6FF2}.Release|Any CPU.Build.0 = Release|Any CPU
	EndGlobalSection
	GlobalSection(SolutionProperties) = preSolution
		HideSolutionNode = FALSE
	EndGlobalSection
	GlobalSection(ExtensibilityGlobals) = postSolution
		SolutionGuid = {DA53864C-1AAA-4619-8578-F0356A4E0D42}
	EndGlobalSection
EndGlobal
